
Microsoft Visual Studio Solution File, Format Version 12.00
# Visual Studio Version 17
VisualStudioVersion = 17.0.32014.148
MinimumVisualStudioVersion = 10.0.40219.1
Project("{9A19103F-16F7-4668-BE54-9A1E7A4F7556}") = "CSAUSBTool", "CSAUSBTool\CSAUSBTool.csproj", "{51473C6A-94E1-4908-9F77-15A15EC118F6}"
EndProject
Project("{2150E333-8FDC-42A3-9474-1A3956D46DE8}") = "Solution Items", "Solution Items", "{CEE83079-35D3-480F-99E1-AC6BC51486AF}"
	ProjectSection(SolutionItems) = preProject
		2018Password.txt = 2018Password.txt
		2019Password.txt = 2019Password.txt
		2020Password.txt = 2020Password.txt
		2022Password.txt = 2022Password.txt
		Lists\FRC2024.json = Lists\FRC2024.json
		FRCSoftware2017.csv = FRCSoftware2017.csv
		FRCSoftware2018.csv = FRCSoftware2018.csv
		FRCSoftware2019.csv = FRCSoftware2019.csv
		FRCSoftware2020.csv = FRCSoftware2020.csv
		FRCSoftware2022.csv = FRCSoftware2022.csv
		FRCSoftware2023.csv = FRCSoftware2023.csv
		FTCSoftware2020.csv = FTCSoftware2020.csv
		FTCSoftware2023.csv = FTCSoftware2023.csv
		README.md = README.md
		Years.txt = Years.txt
	EndProjectSection
EndProject
Project("{C7167F0D-BC9F-4E6E-AFE1-012C56B48DB5}") = "CSAUSBTool.Installer", "CSAUSBTool.Installer\CSAUSBTool.Installer.wapproj", "{55F8AF2B-E5E9-4B6F-87AE-22E12B3F5323}"
EndProject
Project("{9A19103F-16F7-4668-BE54-9A1E7A4F7556}") = "CSAUSBTool.CrossPlatform", "CSAUSBTool.CrossPlatform\CSAUSBTool.CrossPlatform.csproj", "{711B36C7-0C0E-46F8-8C71-15F55AA10AE8}"
EndProject
Project("{9A19103F-16F7-4668-BE54-9A1E7A4F7556}") = "CSAUSBTool.CrossPlatform.Desktop", "CSAUSBTool.CrossPlatform.Desktop\CSAUSBTool.CrossPlatform.Desktop.csproj", "{FA689B4D-CB1F-4BFA-83EA-4B5D7012B1EF}"
EndProject
Project("{FAE04EC0-301F-11D3-BF4B-00C04F79EFBC}") = "CSAUSBTool.Tests", "CSAUSBTool.Tests\CSAUSBTool.Tests.csproj", "{FC547A88-1927-481E-96A4-81CDFC604DC1}"
EndProject
Project("{9A19103F-16F7-4668-BE54-9A1E7A4F7556}") = "CSAUSBTool.Base", "CSAUSBTool.Base\CSAUSBTool.Base.csproj", "{6E04964A-281A-4A0B-B068-2C98D0C24AD4}"
EndProject
Global
	GlobalSection(SolutionConfigurationPlatforms) = preSolution
		Debug|Any CPU = Debug|Any CPU
		Debug|ARM = Debug|ARM
		Debug|ARM64 = Debug|ARM64
		Debug|x64 = Debug|x64
		Debug|x86 = Debug|x86
		Release|Any CPU = Release|Any CPU
		Release|ARM = Release|ARM
		Release|ARM64 = Release|ARM64
		Release|x64 = Release|x64
		Release|x86 = Release|x86
	EndGlobalSection
	GlobalSection(ProjectConfigurationPlatforms) = postSolution
		{51473C6A-94E1-4908-9F77-15A15EC118F6}.Debug|Any CPU.ActiveCfg = Debug|Any CPU
		{51473C6A-94E1-4908-9F77-15A15EC118F6}.Debug|Any CPU.Build.0 = Debug|Any CPU
		{51473C6A-94E1-4908-9F77-15A15EC118F6}.Debug|ARM.ActiveCfg = Debug|Any CPU
		{51473C6A-94E1-4908-9F77-15A15EC118F6}.Debug|ARM.Build.0 = Debug|Any CPU
		{51473C6A-94E1-4908-9F77-15A15EC118F6}.Debug|ARM64.ActiveCfg = Debug|Any CPU
		{51473C6A-94E1-4908-9F77-15A15EC118F6}.Debug|ARM64.Build.0 = Debug|Any CPU
		{51473C6A-94E1-4908-9F77-15A15EC118F6}.Debug|x64.ActiveCfg = Debug|Any CPU
		{51473C6A-94E1-4908-9F77-15A15EC118F6}.Debug|x64.Build.0 = Debug|Any CPU
		{51473C6A-94E1-4908-9F77-15A15EC118F6}.Debug|x86.ActiveCfg = Debug|Any CPU
		{51473C6A-94E1-4908-9F77-15A15EC118F6}.Debug|x86.Build.0 = Debug|Any CPU
		{51473C6A-94E1-4908-9F77-15A15EC118F6}.Release|Any CPU.ActiveCfg = Release|Any CPU
		{51473C6A-94E1-4908-9F77-15A15EC118F6}.Release|Any CPU.Build.0 = Release|Any CPU
		{51473C6A-94E1-4908-9F77-15A15EC118F6}.Release|ARM.ActiveCfg = Release|Any CPU
		{51473C6A-94E1-4908-9F77-15A15EC118F6}.Release|ARM.Build.0 = Release|Any CPU
		{51473C6A-94E1-4908-9F77-15A15EC118F6}.Release|ARM64.ActiveCfg = Release|Any CPU
		{51473C6A-94E1-4908-9F77-15A15EC118F6}.Release|ARM64.Build.0 = Release|Any CPU
		{51473C6A-94E1-4908-9F77-15A15EC118F6}.Release|x64.ActiveCfg = Release|Any CPU
		{51473C6A-94E1-4908-9F77-15A15EC118F6}.Release|x64.Build.0 = Release|Any CPU
		{51473C6A-94E1-4908-9F77-15A15EC118F6}.Release|x86.ActiveCfg = Release|Any CPU
		{51473C6A-94E1-4908-9F77-15A15EC118F6}.Release|x86.Build.0 = Release|Any CPU
		{55F8AF2B-E5E9-4B6F-87AE-22E12B3F5323}.Debug|Any CPU.ActiveCfg = Debug|Any CPU
		{55F8AF2B-E5E9-4B6F-87AE-22E12B3F5323}.Debug|Any CPU.Build.0 = Debug|Any CPU
		{55F8AF2B-E5E9-4B6F-87AE-22E12B3F5323}.Debug|Any CPU.Deploy.0 = Debug|Any CPU
		{55F8AF2B-E5E9-4B6F-87AE-22E12B3F5323}.Debug|ARM.ActiveCfg = Debug|ARM
		{55F8AF2B-E5E9-4B6F-87AE-22E12B3F5323}.Debug|ARM.Build.0 = Debug|ARM
		{55F8AF2B-E5E9-4B6F-87AE-22E12B3F5323}.Debug|ARM.Deploy.0 = Debug|ARM
		{55F8AF2B-E5E9-4B6F-87AE-22E12B3F5323}.Debug|ARM64.ActiveCfg = Debug|ARM64
		{55F8AF2B-E5E9-4B6F-87AE-22E12B3F5323}.Debug|ARM64.Build.0 = Debug|ARM64
		{55F8AF2B-E5E9-4B6F-87AE-22E12B3F5323}.Debug|ARM64.Deploy.0 = Debug|ARM64
		{55F8AF2B-E5E9-4B6F-87AE-22E12B3F5323}.Debug|x64.ActiveCfg = Debug|x64
		{55F8AF2B-E5E9-4B6F-87AE-22E12B3F5323}.Debug|x64.Build.0 = Debug|x64
		{55F8AF2B-E5E9-4B6F-87AE-22E12B3F5323}.Debug|x64.Deploy.0 = Debug|x64
		{55F8AF2B-E5E9-4B6F-87AE-22E12B3F5323}.Debug|x86.ActiveCfg = Debug|x86
		{55F8AF2B-E5E9-4B6F-87AE-22E12B3F5323}.Debug|x86.Build.0 = Debug|x86
		{55F8AF2B-E5E9-4B6F-87AE-22E12B3F5323}.Debug|x86.Deploy.0 = Debug|x86
		{55F8AF2B-E5E9-4B6F-87AE-22E12B3F5323}.Release|Any CPU.ActiveCfg = Release|Any CPU
		{55F8AF2B-E5E9-4B6F-87AE-22E12B3F5323}.Release|Any CPU.Build.0 = Release|Any CPU
		{55F8AF2B-E5E9-4B6F-87AE-22E12B3F5323}.Release|Any CPU.Deploy.0 = Release|Any CPU
		{55F8AF2B-E5E9-4B6F-87AE-22E12B3F5323}.Release|ARM.ActiveCfg = Release|ARM
		{55F8AF2B-E5E9-4B6F-87AE-22E12B3F5323}.Release|ARM.Build.0 = Release|ARM
		{55F8AF2B-E5E9-4B6F-87AE-22E12B3F5323}.Release|ARM.Deploy.0 = Release|ARM
		{55F8AF2B-E5E9-4B6F-87AE-22E12B3F5323}.Release|ARM64.ActiveCfg = Release|ARM64
		{55F8AF2B-E5E9-4B6F-87AE-22E12B3F5323}.Release|ARM64.Build.0 = Release|ARM64
		{55F8AF2B-E5E9-4B6F-87AE-22E12B3F5323}.Release|ARM64.Deploy.0 = Release|ARM64
		{55F8AF2B-E5E9-4B6F-87AE-22E12B3F5323}.Release|x64.ActiveCfg = Release|x64
		{55F8AF2B-E5E9-4B6F-87AE-22E12B3F5323}.Release|x64.Build.0 = Release|x64
		{55F8AF2B-E5E9-4B6F-87AE-22E12B3F5323}.Release|x64.Deploy.0 = Release|x64
		{55F8AF2B-E5E9-4B6F-87AE-22E12B3F5323}.Release|x86.ActiveCfg = Release|x86
		{55F8AF2B-E5E9-4B6F-87AE-22E12B3F5323}.Release|x86.Build.0 = Release|x86
		{55F8AF2B-E5E9-4B6F-87AE-22E12B3F5323}.Release|x86.Deploy.0 = Release|x86
		{711B36C7-0C0E-46F8-8C71-15F55AA10AE8}.Debug|Any CPU.ActiveCfg = Debug|Any CPU
		{711B36C7-0C0E-46F8-8C71-15F55AA10AE8}.Debug|Any CPU.Build.0 = Debug|Any CPU
		{711B36C7-0C0E-46F8-8C71-15F55AA10AE8}.Debug|ARM.ActiveCfg = Debug|Any CPU
		{711B36C7-0C0E-46F8-8C71-15F55AA10AE8}.Debug|ARM.Build.0 = Debug|Any CPU
		{711B36C7-0C0E-46F8-8C71-15F55AA10AE8}.Debug|ARM64.ActiveCfg = Debug|Any CPU
		{711B36C7-0C0E-46F8-8C71-15F55AA10AE8}.Debug|ARM64.Build.0 = Debug|Any CPU
		{711B36C7-0C0E-46F8-8C71-15F55AA10AE8}.Debug|x64.ActiveCfg = Debug|Any CPU
		{711B36C7-0C0E-46F8-8C71-15F55AA10AE8}.Debug|x64.Build.0 = Debug|Any CPU
		{711B36C7-0C0E-46F8-8C71-15F55AA10AE8}.Debug|x86.ActiveCfg = Debug|Any CPU
		{711B36C7-0C0E-46F8-8C71-15F55AA10AE8}.Debug|x86.Build.0 = Debug|Any CPU
		{711B36C7-0C0E-46F8-8C71-15F55AA10AE8}.Release|Any CPU.ActiveCfg = Release|Any CPU
		{711B36C7-0C0E-46F8-8C71-15F55AA10AE8}.Release|Any CPU.Build.0 = Release|Any CPU
		{711B36C7-0C0E-46F8-8C71-15F55AA10AE8}.Release|ARM.ActiveCfg = Release|Any CPU
		{711B36C7-0C0E-46F8-8C71-15F55AA10AE8}.Release|ARM.Build.0 = Release|Any CPU
		{711B36C7-0C0E-46F8-8C71-15F55AA10AE8}.Release|ARM64.ActiveCfg = Release|Any CPU
		{711B36C7-0C0E-46F8-8C71-15F55AA10AE8}.Release|ARM64.Build.0 = Release|Any CPU
		{711B36C7-0C0E-46F8-8C71-15F55AA10AE8}.Release|x64.ActiveCfg = Release|Any CPU
		{711B36C7-0C0E-46F8-8C71-15F55AA10AE8}.Release|x64.Build.0 = Release|Any CPU
		{711B36C7-0C0E-46F8-8C71-15F55AA10AE8}.Release|x86.ActiveCfg = Release|Any CPU
		{711B36C7-0C0E-46F8-8C71-15F55AA10AE8}.Release|x86.Build.0 = Release|Any CPU
		{FA689B4D-CB1F-4BFA-83EA-4B5D7012B1EF}.Debug|Any CPU.ActiveCfg = Debug|Any CPU
		{FA689B4D-CB1F-4BFA-83EA-4B5D7012B1EF}.Debug|Any CPU.Build.0 = Debug|Any CPU
		{FA689B4D-CB1F-4BFA-83EA-4B5D7012B1EF}.Debug|ARM.ActiveCfg = Debug|Any CPU
		{FA689B4D-CB1F-4BFA-83EA-4B5D7012B1EF}.Debug|ARM.Build.0 = Debug|Any CPU
		{FA689B4D-CB1F-4BFA-83EA-4B5D7012B1EF}.Debug|ARM64.ActiveCfg = Debug|Any CPU
		{FA689B4D-CB1F-4BFA-83EA-4B5D7012B1EF}.Debug|ARM64.Build.0 = Debug|Any CPU
		{FA689B4D-CB1F-4BFA-83EA-4B5D7012B1EF}.Debug|x64.ActiveCfg = Debug|Any CPU
		{FA689B4D-CB1F-4BFA-83EA-4B5D7012B1EF}.Debug|x64.Build.0 = Debug|Any CPU
		{FA689B4D-CB1F-4BFA-83EA-4B5D7012B1EF}.Debug|x86.ActiveCfg = Debug|Any CPU
		{FA689B4D-CB1F-4BFA-83EA-4B5D7012B1EF}.Debug|x86.Build.0 = Debug|Any CPU
		{FA689B4D-CB1F-4BFA-83EA-4B5D7012B1EF}.Release|Any CPU.ActiveCfg = Release|Any CPU
		{FA689B4D-CB1F-4BFA-83EA-4B5D7012B1EF}.Release|Any CPU.Build.0 = Release|Any CPU
		{FA689B4D-CB1F-4BFA-83EA-4B5D7012B1EF}.Release|ARM.ActiveCfg = Release|Any CPU
		{FA689B4D-CB1F-4BFA-83EA-4B5D7012B1EF}.Release|ARM.Build.0 = Release|Any CPU
		{FA689B4D-CB1F-4BFA-83EA-4B5D7012B1EF}.Release|ARM64.ActiveCfg = Release|Any CPU
		{FA689B4D-CB1F-4BFA-83EA-4B5D7012B1EF}.Release|ARM64.Build.0 = Release|Any CPU
		{FA689B4D-CB1F-4BFA-83EA-4B5D7012B1EF}.Release|x64.ActiveCfg = Release|Any CPU
		{FA689B4D-CB1F-4BFA-83EA-4B5D7012B1EF}.Release|x64.Build.0 = Release|Any CPU
		{FA689B4D-CB1F-4BFA-83EA-4B5D7012B1EF}.Release|x86.ActiveCfg = Release|Any CPU
		{FA689B4D-CB1F-4BFA-83EA-4B5D7012B1EF}.Release|x86.Build.0 = Release|Any CPU
		{FC547A88-1927-481E-96A4-81CDFC604DC1}.Debug|Any CPU.ActiveCfg = Debug|Any CPU
		{FC547A88-1927-481E-96A4-81CDFC604DC1}.Debug|Any CPU.Build.0 = Debug|Any CPU
		{FC547A88-1927-481E-96A4-81CDFC604DC1}.Debug|ARM.ActiveCfg = Debug|Any CPU
		{FC547A88-1927-481E-96A4-81CDFC604DC1}.Debug|ARM.Build.0 = Debug|Any CPU
		{FC547A88-1927-481E-96A4-81CDFC604DC1}.Debug|ARM64.ActiveCfg = Debug|Any CPU
		{FC547A88-1927-481E-96A4-81CDFC604DC1}.Debug|ARM64.Build.0 = Debug|Any CPU
		{FC547A88-1927-481E-96A4-81CDFC604DC1}.Debug|x64.ActiveCfg = Debug|Any CPU
		{FC547A88-1927-481E-96A4-81CDFC604DC1}.Debug|x64.Build.0 = Debug|Any CPU
		{FC547A88-1927-481E-96A4-81CDFC604DC1}.Debug|x86.ActiveCfg = Debug|Any CPU
		{FC547A88-1927-481E-96A4-81CDFC604DC1}.Debug|x86.Build.0 = Debug|Any CPU
		{FC547A88-1927-481E-96A4-81CDFC604DC1}.Release|Any CPU.ActiveCfg = Release|Any CPU
		{FC547A88-1927-481E-96A4-81CDFC604DC1}.Release|Any CPU.Build.0 = Release|Any CPU
		{FC547A88-1927-481E-96A4-81CDFC604DC1}.Release|ARM.ActiveCfg = Release|Any CPU
		{FC547A88-1927-481E-96A4-81CDFC604DC1}.Release|ARM.Build.0 = Release|Any CPU
		{FC547A88-1927-481E-96A4-81CDFC604DC1}.Release|ARM64.ActiveCfg = Release|Any CPU
		{FC547A88-1927-481E-96A4-81CDFC604DC1}.Release|ARM64.Build.0 = Release|Any CPU
		{FC547A88-1927-481E-96A4-81CDFC604DC1}.Release|x64.ActiveCfg = Release|Any CPU
		{FC547A88-1927-481E-96A4-81CDFC604DC1}.Release|x64.Build.0 = Release|Any CPU
		{FC547A88-1927-481E-96A4-81CDFC604DC1}.Release|x86.ActiveCfg = Release|Any CPU
		{FC547A88-1927-481E-96A4-81CDFC604DC1}.Release|x86.Build.0 = Release|Any CPU
		{6E04964A-281A-4A0B-B068-2C98D0C24AD4}.Debug|Any CPU.ActiveCfg = Debug|Any CPU
		{6E04964A-281A-4A0B-B068-2C98D0C24AD4}.Debug|Any CPU.Build.0 = Debug|Any CPU
		{6E04964A-281A-4A0B-B068-2C98D0C24AD4}.Debug|ARM.ActiveCfg = Debug|Any CPU
		{6E04964A-281A-4A0B-B068-2C98D0C24AD4}.Debug|ARM.Build.0 = Debug|Any CPU
		{6E04964A-281A-4A0B-B068-2C98D0C24AD4}.Debug|ARM64.ActiveCfg = Debug|Any CPU
		{6E04964A-281A-4A0B-B068-2C98D0C24AD4}.Debug|ARM64.Build.0 = Debug|Any CPU
		{6E04964A-281A-4A0B-B068-2C98D0C24AD4}.Debug|x64.ActiveCfg = Debug|Any CPU
		{6E04964A-281A-4A0B-B068-2C98D0C24AD4}.Debug|x64.Build.0 = Debug|Any CPU
		{6E04964A-281A-4A0B-B068-2C98D0C24AD4}.Debug|x86.ActiveCfg = Debug|Any CPU
		{6E04964A-281A-4A0B-B068-2C98D0C24AD4}.Debug|x86.Build.0 = Debug|Any CPU
		{6E04964A-281A-4A0B-B068-2C98D0C24AD4}.Release|Any CPU.ActiveCfg = Release|Any CPU
		{6E04964A-281A-4A0B-B068-2C98D0C24AD4}.Release|Any CPU.Build.0 = Release|Any CPU
		{6E04964A-281A-4A0B-B068-2C98D0C24AD4}.Release|ARM.ActiveCfg = Release|Any CPU
		{6E04964A-281A-4A0B-B068-2C98D0C24AD4}.Release|ARM.Build.0 = Release|Any CPU
		{6E04964A-281A-4A0B-B068-2C98D0C24AD4}.Release|ARM64.ActiveCfg = Release|Any CPU
		{6E04964A-281A-4A0B-B068-2C98D0C24AD4}.Release|ARM64.Build.0 = Release|Any CPU
		{6E04964A-281A-4A0B-B068-2C98D0C24AD4}.Release|x64.ActiveCfg = Release|Any CPU
		{6E04964A-281A-4A0B-B068-2C98D0C24AD4}.Release|x64.Build.0 = Release|Any CPU
		{6E04964A-281A-4A0B-B068-2C98D0C24AD4}.Release|x86.ActiveCfg = Release|Any CPU
		{6E04964A-281A-4A0B-B068-2C98D0C24AD4}.Release|x86.Build.0 = Release|Any CPU
	EndGlobalSection
	GlobalSection(SolutionProperties) = preSolution
		HideSolutionNode = FALSE
	EndGlobalSection
	GlobalSection(ExtensibilityGlobals) = postSolution
		SolutionGuid = {57E81DC4-CACA-4A01-920D-650E89A7990C}
	EndGlobalSection
EndGlobal
