{
  "version": 1,
  "dependencies": {
    "net8.0": {
      "Avalonia": {
        "type": "Direct",
        "requested": "[11.2.2, )",
        "resolved": "11.2.2",
        "contentHash": "gycD/+pjaNh6288vEGDOcgks3Gz/dhZaZu6VSao6wMBXAQpBMEFlU4gW1dXXH2N0zdOlv3Jo1PgmH2megCe2yw==",
        "dependencies": {
          "Avalonia.BuildServices": "0.0.29",
          "Avalonia.Remote.Protocol": "11.2.2",
          "MicroCom.Runtime": "0.11.0"
        }
      },
      "Avalonia.Diagnostics": {
        "type": "Direct",
        "requested": "[11.2.2, )",
        "resolved": "11.2.2",
        "contentHash": "O3hSjXJ1htUJdlKkkH+B3/CcNIGtIRKHlt/L81H2MUT+xiXoHeiWjQf+mSnGgN3LEOt5ZBCuDOZ4NgkchncylQ==",
        "dependencies": {
          "Avalonia": "11.2.2",
          "Avalonia.Controls.ColorPicker": "11.2.2",
          "Avalonia.Controls.DataGrid": "11.2.2",
          "Avalonia.Themes.Simple": "11.2.2"
        }
      },
      "Avalonia.Fonts.Inter": {
        "type": "Direct",
        "requested": "[11.2.2, )",
        "resolved": "11.2.2",
        "contentHash": "VRZudRysGp92Gewn+NQiUSaiPK5YV5KmL+73xKx0QbW7Ap7XLrORj9sFhZYQYssNJoBcIXEM4YOcc8SrWHbCyg==",
        "dependencies": {
          "Avalonia": "11.2.2"
        }
      },
      "Avalonia.ReactiveUI": {
        "type": "Direct",
        "requested": "[11.2.2, )",
        "resolved": "11.2.2",
        "contentHash": "pRP+A0V67yp3ItigHvTt8YIPKRLIdPO6GxYxscr/Eb2+DwCu6DFJDScZrTzj4IubhJufyYYQDJWqMNK6B3lmfw==",
        "dependencies": {
          "Avalonia": "11.2.2",
          "ReactiveUI": "20.1.1",
          "System.Reactive": "6.0.1"
        }
      },
      "Avalonia.Themes.Fluent": {
        "type": "Direct",
        "requested": "[11.2.2, )",
        "resolved": "11.2.2",
        "contentHash": "75z5fu4R3myG4TiyPKXHpjA3Jimq6InBB+inLugNHtONuDT9pQdt/CMPhnMcRaueBLjvaJTFs4KS5U8+sGTu0A==",
        "dependencies": {
          "Avalonia": "11.2.2"
        }
      },
      "System.Text.Json": {
        "type": "Direct",
        "requested": "[9.0.1, )",
        "resolved": "9.0.1",
        "contentHash": "eqWHDZqYPv1PvuvoIIx5pF74plL3iEOZOl/0kQP+Y0TEbtgNnM2W6k8h8EPYs+LTJZsXuWa92n5W5sHTWvE3VA==",
        "dependencies": {
          "System.IO.Pipelines": "9.0.1",
          "System.Text.Encodings.Web": "9.0.1"
        }
      },
      "Avalonia.BuildServices": {
        "type": "Transitive",
        "resolved": "0.0.29",
        "contentHash": "U4eJLQdoDNHXtEba7MZUCwrBErBTxFp6sUewXBOdAhU0Kwzwaa/EKFcYm8kpcysjzKtfB4S0S9n0uxKZFz/ikw=="
      },
      "Avalonia.Controls.ColorPicker": {
        "type": "Transitive",
        "resolved": "11.2.2",
        "contentHash": "4EMwXvp13WsIvk7eHBXjrT3JBqMYI5lGMYwPUh5f4vsPX1KArSnyy9F4+eByUvJKLROEY6j4gXoPaqtZfAjy1A==",
        "dependencies": {
          "Avalonia": "11.2.2",
          "Avalonia.Remote.Protocol": "11.2.2"
        }
      },
      "Avalonia.Controls.DataGrid": {
        "type": "Transitive",
        "resolved": "11.2.2",
        "contentHash": "h86QMlOvjDsihg64WYAvyxFWhwFf30WffwoY8vJGF3BgLpahW+VjNeq5GoO0VyGWWJI2vdTJEzO5fjb8MEpwAg==",
        "dependencies": {
          "Avalonia": "11.2.2",
          "Avalonia.Remote.Protocol": "11.2.2"
        }
      },
      "Avalonia.Remote.Protocol": {
        "type": "Transitive",
        "resolved": "11.2.2",
        "contentHash": "76nQ2/TkJAmthHcCPoVznnCfsqhy+pDPFBhySoRv3ZIsj5q9jIgR0bi7rznIcFIKnfoXMEpB1uxMHbfeQ99OgQ=="
      },
      "Avalonia.Themes.Simple": {
        "type": "Transitive",
        "resolved": "11.2.2",
        "contentHash": "EgK1N3VAbZpF3NFKKbwDekjKekaDNrHXkPllDom04iP7ZbwuH4xGhmjKlEB5KkPuvxWEfS1ROuRYqVHtna0KRg==",
        "dependencies": {
          "Avalonia": "11.2.2"
        }
      },
      "DynamicData": {
        "type": "Transitive",
        "resolved": "8.4.1",
        "contentHash": "Mn1+fU/jqxgONEJq8KLQPGWEi7g/hUVTbjZyn4QM0sWWDAVOHPO9WjXWORSykwdfg/6S3GM15qsfz+2EvO+QAQ==",
        "dependencies": {
          "System.Reactive": "6.0.0"
        }
      },
      "MicroCom.Runtime": {
        "type": "Transitive",
        "resolved": "0.11.0",
        "contentHash": "MEnrZ3UIiH40hjzMDsxrTyi8dtqB5ziv3iBeeU4bXsL/7NLSal9F1lZKpK+tfBRnUoDSdtcW3KufE4yhATOMCA=="
      },
      "ReactiveUI": {
        "type": "Transitive",
        "resolved": "20.1.1",
        "contentHash": "9hNPknWjijnaSWs6auypoXqUptPZcRpUypF+cf1zD50fgW+SEoQda502N3fVZ2eWPcaiUad+z6GaLwOWmUVHNw==",
        "dependencies": {
          "DynamicData": "8.4.1",
          "Splat": "15.1.1",
          "System.ComponentModel.Annotations": "5.0.0"
        }
      },
      "Splat": {
        "type": "Transitive",
        "resolved": "15.1.1",
        "contentHash": "RHDTdF90FwVbRia2cmuIzkiVoETqnXSB2dDBBi/I35HWXqv4OKGqoMcfcd6obMvO2OmmY5PjU1M62K8LkJafAA=="
      },
      "System.ComponentModel.Annotations": {
        "type": "Transitive",
        "resolved": "5.0.0",
        "contentHash": "dMkqfy2el8A8/I76n2Hi1oBFEbG1SfxD2l5nhwXV3XjlnOmwxJlQbYpJH4W51odnU9sARCSAgv7S3CyAFMkpYg=="
      },
      "System.IO.Pipelines": {
        "type": "Transitive",
        "resolved": "9.0.1",
        "contentHash": "uXf5o8eV/gtzDQY4lGROLFMWQvcViKcF8o4Q6KpIOjloAQXrnscQSu6gTxYJMHuNJnh7szIF9AzkaEq+zDLoEg=="
      },
      "System.Reactive": {
        "type": "Transitive",
        "resolved": "6.0.1",
        "contentHash": "rHaWtKDwCi9qJ3ObKo8LHPMuuwv33YbmQi7TcUK1C264V3MFnOr5Im7QgCTdLniztP3GJyeiSg5x8NqYJFqRmg=="
      },
      "System.Text.Encodings.Web": {
        "type": "Transitive",
        "resolved": "9.0.1",
        "contentHash": "XkspqduP2t1e1x2vBUAD/xZ5ZDvmywuUwsmB93MvyQLospJfqtX0GsR/kU0vUL2h4kmvf777z3txV2W4NrQ9Qg=="
      }
    }
  }
}